
Microsoft Visual Studio Solution File, Format Version 12.00
# Visual Studio Version 17
VisualStudioVersion = 17.11.35327.3
MinimumVisualStudioVersion = 10.0.40219.1
Project("{9A19103F-16F7-4668-BE54-9A1E7A4F7556}") = "FormsIW5.Api.App", "FormsIW5.Api.App\FormsIW5.Api.App.csproj", "{2CBF0CA9-CB47-4202-A54C-EB4283D019D2}"
EndProject
Project("{9A19103F-16F7-4668-BE54-9A1E7A4F7556}") = "FormsIW5.Api.BL", "FormsIW5.Api.BL\FormsIW5.Api.BL.csproj", "{2F8630DC-B5DD-4168-9E17-BBD335CFA518}"
EndProject
Project("{9A19103F-16F7-4668-BE54-9A1E7A4F7556}") = "FormsIW5.Api.DAL", "FormsIW5.Api.DAL\FormsIW5.Api.DAL.csproj", "{12B39E04-2422-4991-8F06-D88605E45BE7}"
EndProject
Project("{9A19103F-16F7-4668-BE54-9A1E7A4F7556}") = "FormsIW5.Api.BL.UnitTests", "FormsIW5.Api.BL.UnitTests\FormsIW5.Api.BL.UnitTests.csproj", "{EFBCD6AC-A69D-4E7D-9EF8-94D8541AD56B}"
EndProject
Project("{2150E333-8FDC-42A3-9474-1A3956D46DE8}") = "Api", "Api", "{D0992117-3CC8-4874-BDE8-F674A25236A7}"
EndProject
Project("{2150E333-8FDC-42A3-9474-1A3956D46DE8}") = "Web", "Web", "{9D89FF20-70FD-428B-85C9-1DCE086FB34F}"
EndProject
Project("{FAE04EC0-301F-11D3-BF4B-00C04F79EFBC}") = "FormsIW5.Common.BL", "FormsIW5.Common.BL\FormsIW5.Common.BL.csproj", "{FEDD9E99-E737-47EF-9E40-A3CF129714BC}"
EndProject
Project("{2150E333-8FDC-42A3-9474-1A3956D46DE8}") = "Common", "Common", "{7C2556B8-90EB-4846-A73C-E576E052F158}"
EndProject
Project("{FAE04EC0-301F-11D3-BF4B-00C04F79EFBC}") = "FormsIW5.Common", "FormsIW5.Common.DAL\FormsIW5.Common.csproj", "{6A96D9A8-2966-4835-AF5A-3C3BB96B9370}"
EndProject
Global
	GlobalSection(SolutionConfigurationPlatforms) = preSolution
		Debug|Any CPU = Debug|Any CPU
		Release|Any CPU = Release|Any CPU
	EndGlobalSection
	GlobalSection(ProjectConfigurationPlatforms) = postSolution
		{2CBF0CA9-CB47-4202-A54C-EB4283D019D2}.Debug|Any CPU.ActiveCfg = Debug|Any CPU
		{2CBF0CA9-CB47-4202-A54C-EB4283D019D2}.Debug|Any CPU.Build.0 = Debug|Any CPU
		{2CBF0CA9-CB47-4202-A54C-EB4283D019D2}.Release|Any CPU.ActiveCfg = Release|Any CPU
		{2CBF0CA9-CB47-4202-A54C-EB4283D019D2}.Release|Any CPU.Build.0 = Release|Any CPU
		{2F8630DC-B5DD-4168-9E17-BBD335CFA518}.Debug|Any CPU.ActiveCfg = Debug|Any CPU
		{2F8630DC-B5DD-4168-9E17-BBD335CFA518}.Debug|Any CPU.Build.0 = Debug|Any CPU
		{2F8630DC-B5DD-4168-9E17-BBD335CFA518}.Release|Any CPU.ActiveCfg = Release|Any CPU
		{2F8630DC-B5DD-4168-9E17-BBD335CFA518}.Release|Any CPU.Build.0 = Release|Any CPU
		{12B39E04-2422-4991-8F06-D88605E45BE7}.Debug|Any CPU.ActiveCfg = Debug|Any CPU
		{12B39E04-2422-4991-8F06-D88605E45BE7}.Debug|Any CPU.Build.0 = Debug|Any CPU
		{12B39E04-2422-4991-8F06-D88605E45BE7}.Release|Any CPU.ActiveCfg = Release|Any CPU
		{12B39E04-2422-4991-8F06-D88605E45BE7}.Release|Any CPU.Build.0 = Release|Any CPU
		{EFBCD6AC-A69D-4E7D-9EF8-94D8541AD56B}.Debug|Any CPU.ActiveCfg = Debug|Any CPU
		{EFBCD6AC-A69D-4E7D-9EF8-94D8541AD56B}.Debug|Any CPU.Build.0 = Debug|Any CPU
		{EFBCD6AC-A69D-4E7D-9EF8-94D8541AD56B}.Release|Any CPU.ActiveCfg = Release|Any CPU
		{EFBCD6AC-A69D-4E7D-9EF8-94D8541AD56B}.Release|Any CPU.Build.0 = Release|Any CPU
		{FEDD9E99-E737-47EF-9E40-A3CF129714BC}.Debug|Any CPU.ActiveCfg = Debug|Any CPU
		{FEDD9E99-E737-47EF-9E40-A3CF129714BC}.Debug|Any CPU.Build.0 = Debug|Any CPU
		{FEDD9E99-E737-47EF-9E40-A3CF129714BC}.Release|Any CPU.ActiveCfg = Release|Any CPU
		{FEDD9E99-E737-47EF-9E40-A3CF129714BC}.Release|Any CPU.Build.0 = Release|Any CPU
		{6A96D9A8-2966-4835-AF5A-3C3BB96B9370}.Debug|Any CPU.ActiveCfg = Debug|Any CPU
		{6A96D9A8-2966-4835-AF5A-3C3BB96B9370}.Debug|Any CPU.Build.0 = Debug|Any CPU
		{6A96D9A8-2966-4835-AF5A-3C3BB96B9370}.Release|Any CPU.ActiveCfg = Release|Any CPU
		{6A96D9A8-2966-4835-AF5A-3C3BB96B9370}.Release|Any CPU.Build.0 = Release|Any CPU
	EndGlobalSection
	GlobalSection(SolutionProperties) = preSolution
		HideSolutionNode = FALSE
	EndGlobalSection
	GlobalSection(NestedProjects) = preSolution
		{2CBF0CA9-CB47-4202-A54C-EB4283D019D2} = {D0992117-3CC8-4874-BDE8-F674A25236A7}
		{2F8630DC-B5DD-4168-9E17-BBD335CFA518} = {D0992117-3CC8-4874-BDE8-F674A25236A7}
		{12B39E04-2422-4991-8F06-D88605E45BE7} = {D0992117-3CC8-4874-BDE8-F674A25236A7}
		{EFBCD6AC-A69D-4E7D-9EF8-94D8541AD56B} = {D0992117-3CC8-4874-BDE8-F674A25236A7}
		{FEDD9E99-E737-47EF-9E40-A3CF129714BC} = {7C2556B8-90EB-4846-A73C-E576E052F158}
		{6A96D9A8-2966-4835-AF5A-3C3BB96B9370} = {7C2556B8-90EB-4846-A73C-E576E052F158}
	EndGlobalSection
	GlobalSection(ExtensibilityGlobals) = postSolution
		SolutionGuid = {A8BDD925-9667-4147-B3D9-6FDB82A44E9E}
	EndGlobalSection
EndGlobal
