
Microsoft Visual Studio Solution File, Format Version 12.00
# Visual Studio Version 17
VisualStudioVersion = 17.11.35327.3
MinimumVisualStudioVersion = 10.0.40219.1
Project("{9A19103F-16F7-4668-BE54-9A1E7A4F7556}") = "FormsIW5.Api.App", "FormsIW5.Api.App\FormsIW5.Api.App.csproj", "{2CBF0CA9-CB47-4202-A54C-EB4283D019D2}"
EndProject
Project("{9A19103F-16F7-4668-BE54-9A1E7A4F7556}") = "FormsIW5.Api.BL", "FormsIW5.Api.BL\FormsIW5.Api.BL.csproj", "{2F8630DC-B5DD-4168-9E17-BBD335CFA518}"
EndProject
Project("{9A19103F-16F7-4668-BE54-9A1E7A4F7556}") = "FormsIW5.Api.DAL", "FormsIW5.Api.DAL\FormsIW5.Api.DAL.csproj", "{12B39E04-2422-4991-8F06-D88605E45BE7}"
EndProject
Project("{9A19103F-16F7-4668-BE54-9A1E7A4F7556}") = "FormsIW5.Api.BL.UnitTests", "FormsIW5.Api.BL.UnitTests\FormsIW5.Api.BL.UnitTests.csproj", "{EFBCD6AC-A69D-4E7D-9EF8-94D8541AD56B}"
EndProject
Project("{2150E333-8FDC-42A3-9474-1A3956D46DE8}") = "Api", "Api", "{D0992117-3CC8-4874-BDE8-F674A25236A7}"
EndProject
Project("{2150E333-8FDC-42A3-9474-1A3956D46DE8}") = "Web", "Web", "{9D89FF20-70FD-428B-85C9-1DCE086FB34F}"
EndProject
Project("{2150E333-8FDC-42A3-9474-1A3956D46DE8}") = "Common", "Common", "{7C2556B8-90EB-4846-A73C-E576E052F158}"
EndProject
Project("{9A19103F-16F7-4668-BE54-9A1E7A4F7556}") = "FormsIW5.Api.DAL.Common", "FormsIW5.Api.DAL.Common\FormsIW5.Api.DAL.Common.csproj", "{C908FFE3-33AB-4E3E-AA5F-59BED9C6D30D}"
EndProject
Project("{FAE04EC0-301F-11D3-BF4B-00C04F79EFBC}") = "FormsIW5.Api.App.EndToEndTests", "FormsIW5.Api.App.EndToEndTests\FormsIW5.Api.App.EndToEndTests.csproj", "{05CFBB51-E41E-43D9-AB7E-566E0F415763}"
EndProject
Project("{FAE04EC0-301F-11D3-BF4B-00C04F79EFBC}") = "FormsIW5.Web.App", "FormsIW5.Web.App\FormsIW5.Web.App.csproj", "{BF2D37EA-C4A9-4580-8E6A-38DF3582EFD5}"
EndProject
Project("{FAE04EC0-301F-11D3-BF4B-00C04F79EFBC}") = "FormsIW5.Web.BL", "FormsIW5.Web.BL\FormsIW5.Web.BL.csproj", "{A928C9BD-2D67-D28E-CE96-6D06FD2B8BCF}"
EndProject
Project("{FAE04EC0-301F-11D3-BF4B-00C04F79EFBC}") = "FormsIW5.BL.Models.Common", "FormsIW5.BL.Models.Common\FormsIW5.BL.Models.Common.csproj", "{77FCDE6C-5A79-4C5F-B8EF-3CCC0B184995}"
EndProject
Project("{2150E333-8FDC-42A3-9474-1A3956D46DE8}") = "Identity", "Identity", "{02EA681E-C7D8-13C7-8484-4AC65E1B71E8}"
EndProject
Project("{FAE04EC0-301F-11D3-BF4B-00C04F79EFBC}") = "FormsIW5.IdentityProvider.DAL", "FormsIW5.IdentityProvider.DAL\FormsIW5.IdentityProvider.DAL.csproj", "{DD27793B-2C79-4FC2-9494-03DFF48D9F5D}"
EndProject
Project("{FAE04EC0-301F-11D3-BF4B-00C04F79EFBC}") = "FormsIW5.Common", "FormsIW5.Common\FormsIW5.Common.csproj", "{F2C7F0DF-4F49-FD23-61A3-E3B8ACCF34CF}"
EndProject
Project("{FAE04EC0-301F-11D3-BF4B-00C04F79EFBC}") = "FormsIW5.IdentityProvider.BL", "FormsIW5.IdentityProvider.BL\FormsIW5.IdentityProvider.BL.csproj", "{A1650EA1-4BAE-4785-A889-FC580D3929F7}"
EndProject
Project("{FAE04EC0-301F-11D3-BF4B-00C04F79EFBC}") = "FormsIW5.IdentityProvider.App", "FormsIW5.IdentityProvider.App\FormsIW5.IdentityProvider.App.csproj", "{54ECBAB9-6CA6-44A5-AFB6-B0076D50D39D}"
EndProject
Global
	GlobalSection(SolutionConfigurationPlatforms) = preSolution
		Debug|Any CPU = Debug|Any CPU
		Release|Any CPU = Release|Any CPU
	EndGlobalSection
	GlobalSection(ProjectConfigurationPlatforms) = postSolution
		{2CBF0CA9-CB47-4202-A54C-EB4283D019D2}.Debug|Any CPU.ActiveCfg = Debug|Any CPU
		{2CBF0CA9-CB47-4202-A54C-EB4283D019D2}.Debug|Any CPU.Build.0 = Debug|Any CPU
		{2CBF0CA9-CB47-4202-A54C-EB4283D019D2}.Release|Any CPU.ActiveCfg = Release|Any CPU
		{2CBF0CA9-CB47-4202-A54C-EB4283D019D2}.Release|Any CPU.Build.0 = Release|Any CPU
		{2F8630DC-B5DD-4168-9E17-BBD335CFA518}.Debug|Any CPU.ActiveCfg = Debug|Any CPU
		{2F8630DC-B5DD-4168-9E17-BBD335CFA518}.Debug|Any CPU.Build.0 = Debug|Any CPU
		{2F8630DC-B5DD-4168-9E17-BBD335CFA518}.Release|Any CPU.ActiveCfg = Release|Any CPU
		{2F8630DC-B5DD-4168-9E17-BBD335CFA518}.Release|Any CPU.Build.0 = Release|Any CPU
		{12B39E04-2422-4991-8F06-D88605E45BE7}.Debug|Any CPU.ActiveCfg = Debug|Any CPU
		{12B39E04-2422-4991-8F06-D88605E45BE7}.Debug|Any CPU.Build.0 = Debug|Any CPU
		{12B39E04-2422-4991-8F06-D88605E45BE7}.Release|Any CPU.ActiveCfg = Release|Any CPU
		{12B39E04-2422-4991-8F06-D88605E45BE7}.Release|Any CPU.Build.0 = Release|Any CPU
		{EFBCD6AC-A69D-4E7D-9EF8-94D8541AD56B}.Debug|Any CPU.ActiveCfg = Debug|Any CPU
		{EFBCD6AC-A69D-4E7D-9EF8-94D8541AD56B}.Debug|Any CPU.Build.0 = Debug|Any CPU
		{EFBCD6AC-A69D-4E7D-9EF8-94D8541AD56B}.Release|Any CPU.ActiveCfg = Release|Any CPU
		{EFBCD6AC-A69D-4E7D-9EF8-94D8541AD56B}.Release|Any CPU.Build.0 = Release|Any CPU
		{C908FFE3-33AB-4E3E-AA5F-59BED9C6D30D}.Debug|Any CPU.ActiveCfg = Debug|Any CPU
		{C908FFE3-33AB-4E3E-AA5F-59BED9C6D30D}.Debug|Any CPU.Build.0 = Debug|Any CPU
		{C908FFE3-33AB-4E3E-AA5F-59BED9C6D30D}.Release|Any CPU.ActiveCfg = Release|Any CPU
		{C908FFE3-33AB-4E3E-AA5F-59BED9C6D30D}.Release|Any CPU.Build.0 = Release|Any CPU
		{05CFBB51-E41E-43D9-AB7E-566E0F415763}.Debug|Any CPU.ActiveCfg = Debug|Any CPU
		{05CFBB51-E41E-43D9-AB7E-566E0F415763}.Debug|Any CPU.Build.0 = Debug|Any CPU
		{05CFBB51-E41E-43D9-AB7E-566E0F415763}.Release|Any CPU.ActiveCfg = Release|Any CPU
		{05CFBB51-E41E-43D9-AB7E-566E0F415763}.Release|Any CPU.Build.0 = Release|Any CPU
		{BF2D37EA-C4A9-4580-8E6A-38DF3582EFD5}.Debug|Any CPU.ActiveCfg = Debug|Any CPU
		{BF2D37EA-C4A9-4580-8E6A-38DF3582EFD5}.Debug|Any CPU.Build.0 = Debug|Any CPU
		{BF2D37EA-C4A9-4580-8E6A-38DF3582EFD5}.Release|Any CPU.ActiveCfg = Release|Any CPU
		{BF2D37EA-C4A9-4580-8E6A-38DF3582EFD5}.Release|Any CPU.Build.0 = Release|Any CPU
		{A928C9BD-2D67-D28E-CE96-6D06FD2B8BCF}.Debug|Any CPU.ActiveCfg = Debug|Any CPU
		{A928C9BD-2D67-D28E-CE96-6D06FD2B8BCF}.Debug|Any CPU.Build.0 = Debug|Any CPU
		{A928C9BD-2D67-D28E-CE96-6D06FD2B8BCF}.Release|Any CPU.ActiveCfg = Release|Any CPU
		{A928C9BD-2D67-D28E-CE96-6D06FD2B8BCF}.Release|Any CPU.Build.0 = Release|Any CPU
		{77FCDE6C-5A79-4C5F-B8EF-3CCC0B184995}.Debug|Any CPU.ActiveCfg = Debug|Any CPU
		{77FCDE6C-5A79-4C5F-B8EF-3CCC0B184995}.Debug|Any CPU.Build.0 = Debug|Any CPU
		{77FCDE6C-5A79-4C5F-B8EF-3CCC0B184995}.Release|Any CPU.ActiveCfg = Release|Any CPU
		{77FCDE6C-5A79-4C5F-B8EF-3CCC0B184995}.Release|Any CPU.Build.0 = Release|Any CPU
		{DD27793B-2C79-4FC2-9494-03DFF48D9F5D}.Debug|Any CPU.ActiveCfg = Debug|Any CPU
		{DD27793B-2C79-4FC2-9494-03DFF48D9F5D}.Debug|Any CPU.Build.0 = Debug|Any CPU
		{DD27793B-2C79-4FC2-9494-03DFF48D9F5D}.Release|Any CPU.ActiveCfg = Release|Any CPU
		{DD27793B-2C79-4FC2-9494-03DFF48D9F5D}.Release|Any CPU.Build.0 = Release|Any CPU
		{F2C7F0DF-4F49-FD23-61A3-E3B8ACCF34CF}.Debug|Any CPU.ActiveCfg = Debug|Any CPU
		{F2C7F0DF-4F49-FD23-61A3-E3B8ACCF34CF}.Debug|Any CPU.Build.0 = Debug|Any CPU
		{F2C7F0DF-4F49-FD23-61A3-E3B8ACCF34CF}.Release|Any CPU.ActiveCfg = Release|Any CPU
		{F2C7F0DF-4F49-FD23-61A3-E3B8ACCF34CF}.Release|Any CPU.Build.0 = Release|Any CPU
		{A1650EA1-4BAE-4785-A889-FC580D3929F7}.Debug|Any CPU.ActiveCfg = Debug|Any CPU
		{A1650EA1-4BAE-4785-A889-FC580D3929F7}.Debug|Any CPU.Build.0 = Debug|Any CPU
		{A1650EA1-4BAE-4785-A889-FC580D3929F7}.Release|Any CPU.ActiveCfg = Release|Any CPU
		{A1650EA1-4BAE-4785-A889-FC580D3929F7}.Release|Any CPU.Build.0 = Release|Any CPU
		{54ECBAB9-6CA6-44A5-AFB6-B0076D50D39D}.Debug|Any CPU.ActiveCfg = Debug|Any CPU
		{54ECBAB9-6CA6-44A5-AFB6-B0076D50D39D}.Debug|Any CPU.Build.0 = Debug|Any CPU
		{54ECBAB9-6CA6-44A5-AFB6-B0076D50D39D}.Release|Any CPU.ActiveCfg = Release|Any CPU
		{54ECBAB9-6CA6-44A5-AFB6-B0076D50D39D}.Release|Any CPU.Build.0 = Release|Any CPU
	EndGlobalSection
	GlobalSection(SolutionProperties) = preSolution
		HideSolutionNode = FALSE
	EndGlobalSection
	GlobalSection(NestedProjects) = preSolution
		{2CBF0CA9-CB47-4202-A54C-EB4283D019D2} = {D0992117-3CC8-4874-BDE8-F674A25236A7}
		{2F8630DC-B5DD-4168-9E17-BBD335CFA518} = {D0992117-3CC8-4874-BDE8-F674A25236A7}
		{12B39E04-2422-4991-8F06-D88605E45BE7} = {D0992117-3CC8-4874-BDE8-F674A25236A7}
		{EFBCD6AC-A69D-4E7D-9EF8-94D8541AD56B} = {D0992117-3CC8-4874-BDE8-F674A25236A7}
		{C908FFE3-33AB-4E3E-AA5F-59BED9C6D30D} = {D0992117-3CC8-4874-BDE8-F674A25236A7}
		{05CFBB51-E41E-43D9-AB7E-566E0F415763} = {D0992117-3CC8-4874-BDE8-F674A25236A7}
		{BF2D37EA-C4A9-4580-8E6A-38DF3582EFD5} = {9D89FF20-70FD-428B-85C9-1DCE086FB34F}
		{A928C9BD-2D67-D28E-CE96-6D06FD2B8BCF} = {9D89FF20-70FD-428B-85C9-1DCE086FB34F}
		{77FCDE6C-5A79-4C5F-B8EF-3CCC0B184995} = {7C2556B8-90EB-4846-A73C-E576E052F158}
		{DD27793B-2C79-4FC2-9494-03DFF48D9F5D} = {02EA681E-C7D8-13C7-8484-4AC65E1B71E8}
		{F2C7F0DF-4F49-FD23-61A3-E3B8ACCF34CF} = {7C2556B8-90EB-4846-A73C-E576E052F158}
		{A1650EA1-4BAE-4785-A889-FC580D3929F7} = {02EA681E-C7D8-13C7-8484-4AC65E1B71E8}
		{54ECBAB9-6CA6-44A5-AFB6-B0076D50D39D} = {02EA681E-C7D8-13C7-8484-4AC65E1B71E8}
	EndGlobalSection
	GlobalSection(ExtensibilityGlobals) = postSolution
		SolutionGuid = {A8BDD925-9667-4147-B3D9-6FDB82A44E9E}
	EndGlobalSection
EndGlobal
